
Microsoft Visual Studio Solution File, Format Version 12.00
# Visual Studio Version 17
VisualStudioVersion = 17.13.35913.81 d17.13
MinimumVisualStudioVersion = 10.0.40219.1
Project("{FAE04EC0-301F-11D3-BF4B-00C04F79EFBC}") = "doanCSIdentityTest", "doanCSIdentityTest.csproj", "{4BF8F686-07B0-41BC-9266-D539BA1FACAB}"
EndProject
Global
	GlobalSection(SolutionConfigurationPlatforms) = preSolution
		Debug|Any CPU = Debug|Any CPU
		Release|Any CPU = Release|Any CPU
	EndGlobalSection
	GlobalSection(ProjectConfigurationPlatforms) = postSolution
		{4BF8F686-07B0-41BC-9266-D539BA1FACAB}.Debug|Any CPU.ActiveCfg = Debug|Any CPU
		{4BF8F686-07B0-41BC-9266-D539BA1FACAB}.Debug|Any CPU.Build.0 = Debug|Any CPU
		{4BF8F686-07B0-41BC-9266-D539BA1FACAB}.Release|Any CPU.ActiveCfg = Release|Any CPU
		{4BF8F686-07B0-41BC-9266-D539BA1FACAB}.Release|Any CPU.Build.0 = Release|Any CPU
	EndGlobalSection
	GlobalSection(SolutionProperties) = preSolution
		HideSolutionNode = FALSE
	EndGlobalSection
	GlobalSection(ExtensibilityGlobals) = postSolution
		SolutionGuid = {6C677F39-99A4-4311-AE0C-D4DD26A9DC0B}
	EndGlobalSection
EndGlobal
